
Microsoft Visual Studio Solution File, Format Version 12.00
Project("{2150E333-8FDC-42A3-9474-1A3956D46DE8}") = "src", "src", "{D3ABCB35-DD7B-423B-9DB2-C92DDAD2322A}"
EndProject
Project("{FAE04EC0-301F-11D3-BF4B-00C04F79EFBC}") = "OpenMod.Plugins", "src\OpenMod.Plugins\OpenMod.Plugins.csproj", "{F9CB6E28-5BC3-4599-98E9-8499FEEE0251}"
EndProject
Global
	GlobalSection(SolutionConfigurationPlatforms) = preSolution
		Debug|Any CPU = Debug|Any CPU
		Release|Any CPU = Release|Any CPU
	EndGlobalSection
	GlobalSection(ProjectConfigurationPlatforms) = postSolution
		{F9CB6E28-5BC3-4599-98E9-8499FEEE0251}.Debug|Any CPU.ActiveCfg = Debug|Any CPU
		{F9CB6E28-5BC3-4599-98E9-8499FEEE0251}.Debug|Any CPU.Build.0 = Debug|Any CPU
		{F9CB6E28-5BC3-4599-98E9-8499FEEE0251}.Release|Any CPU.ActiveCfg = Release|Any CPU
		{F9CB6E28-5BC3-4599-98E9-8499FEEE0251}.Release|Any CPU.Build.0 = Release|Any CPU
	EndGlobalSection
	GlobalSection(NestedProjects) = preSolution
		{F9CB6E28-5BC3-4599-98E9-8499FEEE0251} = {D3ABCB35-DD7B-423B-9DB2-C92DDAD2322A}
	EndGlobalSection
EndGlobal
